{
  "object": {
    "pins": [
      {
        "package": "Base32",
        "repositoryURL": "https://github.com/norio-nomura/Base32.git",
        "state": {
          "branch": null,
          "revision": "69fc95dd2e4229a2fd82e14d9358c23b0fd8cf74",
          "version": "0.8.0"
        }
      },
      {
        "package": "CryptomatorCryptoLib",
        "repositoryURL": "https://github.com/cryptomator/cryptolib-swift.git",
        "state": {
          "branch": null,
          "revision": "6b998c93971940f11e29c76edf1312d006b63dea",
          "version": "0.11.1"
        }
      },
      {
        "package": "GRDB",
        "repositoryURL": "https://github.com/groue/GRDB.swift.git",
        "state": {
          "branch": null,
          "revision": "5ee47c3c2765bdfde0f44c2ea9a263f6aa252d63",
          "version": "4.14.0"
        }
      },
      {
        "package": "Promises",
        "repositoryURL": "https://github.com/google/promises.git",
        "state": {
          "branch": null,
          "revision": "afa9a1ace74e116848d4f743599ab83e584ff8cb",
          "version": "1.2.12"
        }
      }
    ]
  },
  "version": 1
}
